
Microsoft Visual Studio Solution File, Format Version 12.00
# Visual Studio Version 17
VisualStudioVersion = 17.4.33213.308
MinimumVisualStudioVersion = 10.0.40219.1
Project("{FAE04EC0-301F-11D3-BF4B-00C04F79EFBC}") = "EFTPrices", "EFTPrices\EFTPrices.csproj", "{94C83AF8-A73F-4B8E-B28B-CF624F9EC897}"
EndProject
Global
	GlobalSection(SolutionConfigurationPlatforms) = preSolution
		Debug|Any CPU = Debug|Any CPU
		Release|Any CPU = Release|Any CPU
	EndGlobalSection
	GlobalSection(ProjectConfigurationPlatforms) = postSolution
		{94C83AF8-A73F-4B8E-B28B-CF624F9EC897}.Debug|Any CPU.ActiveCfg = Debug|Any CPU
		{94C83AF8-A73F-4B8E-B28B-CF624F9EC897}.Debug|Any CPU.Build.0 = Debug|Any CPU
		{94C83AF8-A73F-4B8E-B28B-CF624F9EC897}.Release|Any CPU.ActiveCfg = Release|Any CPU
		{94C83AF8-A73F-4B8E-B28B-CF624F9EC897}.Release|Any CPU.Build.0 = Release|Any CPU
	EndGlobalSection
	GlobalSection(SolutionProperties) = preSolution
		HideSolutionNode = FALSE
	EndGlobalSection
	GlobalSection(ExtensibilityGlobals) = postSolution
		SolutionGuid = {B4A3F4F1-84BE-4745-9B8C-67C32A09615A}
	EndGlobalSection
EndGlobal
